// !$*UTF8*$!
{
	archiveVersion = 1;
	classes = {
	};
	objectVersion = 51;
	objects = {

/* Begin PBXBuildFile section */
		2B3FFC6A26B0C34100DAC1EC /* AppDelegate.swift in Sources */ = {isa = PBXBuildFile; fileRef = 2B3FFC6926B0C34100DAC1EC /* AppDelegate.swift */; };
		2B3FFC6C26B0C34100DAC1EC /* SceneDelegate.swift in Sources */ = {isa = PBXBuildFile; fileRef = 2B3FFC6B26B0C34100DAC1EC /* SceneDelegate.swift */; };
		2B3FFC6E26B0C34100DAC1EC /* ViewController.swift in Sources */ = {isa = PBXBuildFile; fileRef = 2B3FFC6D26B0C34100DAC1EC /* ViewController.swift */; };
		2B3FFC7126B0C34100DAC1EC /* Main.storyboard in Resources */ = {isa = PBXBuildFile; fileRef = 2B3FFC6F26B0C34100DAC1EC /* Main.storyboard */; };
		2B3FFC7326B0C34200DAC1EC /* Assets.xcassets in Resources */ = {isa = PBXBuildFile; fileRef = 2B3FFC7226B0C34200DAC1EC /* Assets.xcassets */; };
		2B3FFC7626B0C34200DAC1EC /* LaunchScreen.storyboard in Resources */ = {isa = PBXBuildFile; fileRef = 2B3FFC7426B0C34200DAC1EC /* LaunchScreen.storyboard */; };
		AA50E0755CE4F31E47143CAB /* Pods_Chapter_3___RxSwiftProject.framework in Frameworks */ = {isa = PBXBuildFile; fileRef = FC1EF3E3D31A934359A62D30 /* Pods_Chapter_3___RxSwiftProject.framework */; };
/* End PBXBuildFile section */

/* Begin PBXContainerItemProxy section */
		2B3FFC7D26B0C34200DAC1EC /* PBXContainerItemProxy */ = {
			isa = PBXContainerItemProxy;
			containerPortal = 2B3FFC5E26B0C34100DAC1EC /* Project object */;
			proxyType = 1;
			remoteGlobalIDString = 2B3FFC6526B0C34100DAC1EC;
			remoteInfo = RxSwiftProject;
		};
		2B3FFC8826B0C34200DAC1EC /* PBXContainerItemProxy */ = {
			isa = PBXContainerItemProxy;
			containerPortal = 2B3FFC5E26B0C34100DAC1EC /* Project object */;
			proxyType = 1;
			remoteGlobalIDString = 2B3FFC6526B0C34100DAC1EC;
			remoteInfo = RxSwiftProject;
		};
/* End PBXContainerItemProxy section */

/* Begin PBXFileReference section */
		16FF93E24A3033918895FE2A /* Pods-RxSwiftProject.release.xcconfig */ = {isa = PBXFileReference; includeInIndex = 1; lastKnownFileType = text.xcconfig; name = "Pods-RxSwiftProject.release.xcconfig"; path = "Target Support Files/Pods-RxSwiftProject/Pods-RxSwiftProject.release.xcconfig"; sourceTree = "<group>"; };
		2B3FFC6626B0C34100DAC1EC /* Chapter 3 - RxSwiftProject.app */ = {isa = PBXFileReference; explicitFileType = wrapper.application; includeInIndex = 0; path = "Chapter 3 - RxSwiftProject.app"; sourceTree = BUILT_PRODUCTS_DIR; };
		2B3FFC6926B0C34100DAC1EC /* AppDelegate.swift */ = {isa = PBXFileReference; lastKnownFileType = sourcecode.swift; path = AppDelegate.swift; sourceTree = "<group>"; };
		2B3FFC6B26B0C34100DAC1EC /* SceneDelegate.swift */ = {isa = PBXFileReference; lastKnownFileType = sourcecode.swift; path = SceneDelegate.swift; sourceTree = "<group>"; };
		2B3FFC6D26B0C34100DAC1EC /* ViewController.swift */ = {isa = PBXFileReference; lastKnownFileType = sourcecode.swift; path = ViewController.swift; sourceTree = "<group>"; };
		2B3FFC7026B0C34100DAC1EC /* Base */ = {isa = PBXFileReference; lastKnownFileType = file.storyboard; name = Base; path = Base.lproj/Main.storyboard; sourceTree = "<group>"; };
		2B3FFC7226B0C34200DAC1EC /* Assets.xcassets */ = {isa = PBXFileReference; lastKnownFileType = folder.assetcatalog; path = Assets.xcassets; sourceTree = "<group>"; };
		2B3FFC7526B0C34200DAC1EC /* Base */ = {isa = PBXFileReference; lastKnownFileType = file.storyboard; name = Base; path = Base.lproj/LaunchScreen.storyboard; sourceTree = "<group>"; };
		2B3FFC7726B0C34200DAC1EC /* Info.plist */ = {isa = PBXFileReference; lastKnownFileType = text.plist.xml; path = Info.plist; sourceTree = "<group>"; };
		2B3FFC7C26B0C34200DAC1EC /* Chapter 3 - RxSwiftProjectTests.xctest */ = {isa = PBXFileReference; explicitFileType = wrapper.cfbundle; includeInIndex = 0; path = "Chapter 3 - RxSwiftProjectTests.xctest"; sourceTree = BUILT_PRODUCTS_DIR; };
		2B3FFC8726B0C34200DAC1EC /* Chapter 3 - RxSwiftProjectUITests.xctest */ = {isa = PBXFileReference; explicitFileType = wrapper.cfbundle; includeInIndex = 0; path = "Chapter 3 - RxSwiftProjectUITests.xctest"; sourceTree = BUILT_PRODUCTS_DIR; };
		2BFE868026C8506900554E6A /* RxSwiftPlayground.playground */ = {isa = PBXFileReference; lastKnownFileType = file.playground; path = RxSwiftPlayground.playground; sourceTree = "<group>"; xcLanguageSpecificationIdentifier = xcode.lang.swift; };
		55E8F93EE15E5F1BA474B40A /* Pods-Chapter 3 - RxSwiftProject.release.xcconfig */ = {isa = PBXFileReference; includeInIndex = 1; lastKnownFileType = text.xcconfig; name = "Pods-Chapter 3 - RxSwiftProject.release.xcconfig"; path = "Target Support Files/Pods-Chapter 3 - RxSwiftProject/Pods-Chapter 3 - RxSwiftProject.release.xcconfig"; sourceTree = "<group>"; };
		A9BB3385614B7FE63A50842A /* Pods-Chapter 3 - RxSwiftProject.debug.xcconfig */ = {isa = PBXFileReference; includeInIndex = 1; lastKnownFileType = text.xcconfig; name = "Pods-Chapter 3 - RxSwiftProject.debug.xcconfig"; path = "Target Support Files/Pods-Chapter 3 - RxSwiftProject/Pods-Chapter 3 - RxSwiftProject.debug.xcconfig"; sourceTree = "<group>"; };
		FB351580904240819AAB5EC0 /* Pods-RxSwiftProject.debug.xcconfig */ = {isa = PBXFileReference; includeInIndex = 1; lastKnownFileType = text.xcconfig; name = "Pods-RxSwiftProject.debug.xcconfig"; path = "Target Support Files/Pods-RxSwiftProject/Pods-RxSwiftProject.debug.xcconfig"; sourceTree = "<group>"; };
		FC1EF3E3D31A934359A62D30 /* Pods_Chapter_3___RxSwiftProject.framework */ = {isa = PBXFileReference; explicitFileType = wrapper.framework; includeInIndex = 0; path = "Pods_Chapter_3___RxSwiftProject.framework"; sourceTree = BUILT_PRODUCTS_DIR; };
/* End PBXFileReference section */

/* Begin PBXFrameworksBuildPhase section */
		2B3FFC6326B0C34100DAC1EC /* Frameworks */ = {
			isa = PBXFrameworksBuildPhase;
			buildActionMask = 2147483647;
			files = (
				AA50E0755CE4F31E47143CAB /* Pods_Chapter_3___RxSwiftProject.framework in Frameworks */,
			);
			runOnlyForDeploymentPostprocessing = 0;
		};
		2B3FFC7926B0C34200DAC1EC /* Frameworks */ = {
			isa = PBXFrameworksBuildPhase;
			buildActionMask = 2147483647;
			files = (
			);
			runOnlyForDeploymentPostprocessing = 0;
		};
		2B3FFC8426B0C34200DAC1EC /* Frameworks */ = {
			isa = PBXFrameworksBuildPhase;
			buildActionMask = 2147483647;
			files = (
			);
			runOnlyForDeploymentPostprocessing = 0;
		};
/* End PBXFrameworksBuildPhase section */

/* Begin PBXGroup section */
		2B3FFC5D26B0C34100DAC1EC = {
			isa = PBXGroup;
			children = (
				2BFE868026C8506900554E6A /* RxSwiftPlayground.playground */,
				2B3FFC6826B0C34100DAC1EC /* RxSwiftProject */,
				2B3FFC6726B0C34100DAC1EC /* Products */,
				DF2B49249A5963F9244CC919 /* Pods */,
				D99FC56AA797FDCA1B4385E9 /* Frameworks */,
			);
			sourceTree = "<group>";
		};
		2B3FFC6726B0C34100DAC1EC /* Products */ = {
			isa = PBXGroup;
			children = (
				2B3FFC6626B0C34100DAC1EC /* Chapter 3 - RxSwiftProject.app */,
				2B3FFC7C26B0C34200DAC1EC /* Chapter 3 - RxSwiftProjectTests.xctest */,
				2B3FFC8726B0C34200DAC1EC /* Chapter 3 - RxSwiftProjectUITests.xctest */,
			);
			name = Products;
			sourceTree = "<group>";
		};
		2B3FFC6826B0C34100DAC1EC /* RxSwiftProject */ = {
			isa = PBXGroup;
			children = (
				2B3FFC6926B0C34100DAC1EC /* AppDelegate.swift */,
				2B3FFC6B26B0C34100DAC1EC /* SceneDelegate.swift */,
				2B3FFC6D26B0C34100DAC1EC /* ViewController.swift */,
				2B3FFC6F26B0C34100DAC1EC /* Main.storyboard */,
				2B3FFC7226B0C34200DAC1EC /* Assets.xcassets */,
				2B3FFC7426B0C34200DAC1EC /* LaunchScreen.storyboard */,
				2B3FFC7726B0C34200DAC1EC /* Info.plist */,
			);
			path = RxSwiftProject;
			sourceTree = "<group>";
		};
		D99FC56AA797FDCA1B4385E9 /* Frameworks */ = {
			isa = PBXGroup;
			children = (
				FC1EF3E3D31A934359A62D30 /* Pods_Chapter_3___RxSwiftProject.framework */,
			);
			name = Frameworks;
			sourceTree = "<group>";
		};
		DF2B49249A5963F9244CC919 /* Pods */ = {
			isa = PBXGroup;
			children = (
				FB351580904240819AAB5EC0 /* Pods-RxSwiftProject.debug.xcconfig */,
				16FF93E24A3033918895FE2A /* Pods-RxSwiftProject.release.xcconfig */,
				A9BB3385614B7FE63A50842A /* Pods-Chapter 3 - RxSwiftProject.debug.xcconfig */,
				55E8F93EE15E5F1BA474B40A /* Pods-Chapter 3 - RxSwiftProject.release.xcconfig */,
			);
			path = Pods;
			sourceTree = "<group>";
		};
/* End PBXGroup section */

/* Begin PBXNativeTarget section */
		2B3FFC6526B0C34100DAC1EC /* Chapter 3 - RxSwiftProject */ = {
			isa = PBXNativeTarget;
			buildConfigurationList = 2B3FFC9026B0C34200DAC1EC /* Build configuration list for PBXNativeTarget "Chapter 3 - RxSwiftProject" */;
			buildPhases = (
				97B7027398B68522CA550232 /* [CP] Check Pods Manifest.lock */,
				2B3FFC6226B0C34100DAC1EC /* Sources */,
				2B3FFC6326B0C34100DAC1EC /* Frameworks */,
				2B3FFC6426B0C34100DAC1EC /* Resources */,
				5683E59AF9EE106E91F7D9C7 /* [CP] Embed Pods Frameworks */,
			);
			buildRules = (
			);
			dependencies = (
			);
			name = "Chapter 3 - RxSwiftProject";
			productName = RxSwiftProject;
			productReference = 2B3FFC6626B0C34100DAC1EC /* Chapter 3 - RxSwiftProject.app */;
			productType = "com.apple.product-type.application";
		};
		2B3FFC7B26B0C34200DAC1EC /* Chapter 3 - RxSwiftProjectTests */ = {
			isa = PBXNativeTarget;
			buildConfigurationList = 2B3FFC9326B0C34200DAC1EC /* Build configuration list for PBXNativeTarget "Chapter 3 - RxSwiftProjectTests" */;
			buildPhases = (
				2B3FFC7826B0C34200DAC1EC /* Sources */,
				2B3FFC7926B0C34200DAC1EC /* Frameworks */,
				2B3FFC7A26B0C34200DAC1EC /* Resources */,
			);
			buildRules = (
			);
			dependencies = (
				2B3FFC7E26B0C34200DAC1EC /* PBXTargetDependency */,
			);
			name = "Chapter 3 - RxSwiftProjectTests";
			productName = RxSwiftProjectTests;
			productReference = 2B3FFC7C26B0C34200DAC1EC /* Chapter 3 - RxSwiftProjectTests.xctest */;
			productType = "com.apple.product-type.bundle.unit-test";
		};
		2B3FFC8626B0C34200DAC1EC /* Chapter 3 - RxSwiftProjectUITests */ = {
			isa = PBXNativeTarget;
			buildConfigurationList = 2B3FFC9626B0C34200DAC1EC /* Build configuration list for PBXNativeTarget "Chapter 3 - RxSwiftProjectUITests" */;
			buildPhases = (
				2B3FFC8326B0C34200DAC1EC /* Sources */,
				2B3FFC8426B0C34200DAC1EC /* Frameworks */,
				2B3FFC8526B0C34200DAC1EC /* Resources */,
			);
			buildRules = (
			);
			dependencies = (
				2B3FFC8926B0C34200DAC1EC /* PBXTargetDependency */,
			);
			name = "Chapter 3 - RxSwiftProjectUITests";
			productName = RxSwiftProjectUITests;
			productReference = 2B3FFC8726B0C34200DAC1EC /* Chapter 3 - RxSwiftProjectUITests.xctest */;
			productType = "com.apple.product-type.bundle.ui-testing";
		};
/* End PBXNativeTarget section */

/* Begin PBXProject section */
		2B3FFC5E26B0C34100DAC1EC /* Project object */ = {
			isa = PBXProject;
			attributes = {
				LastSwiftUpdateCheck = 1250;
				LastUpgradeCheck = 1250;
				TargetAttributes = {
					2B3FFC6526B0C34100DAC1EC = {
						CreatedOnToolsVersion = 12.5.1;
					};
					2B3FFC7B26B0C34200DAC1EC = {
						CreatedOnToolsVersion = 12.5.1;
						TestTargetID = 2B3FFC6526B0C34100DAC1EC;
					};
					2B3FFC8626B0C34200DAC1EC = {
						CreatedOnToolsVersion = 12.5.1;
						TestTargetID = 2B3FFC6526B0C34100DAC1EC;
					};
				};
			};
			buildConfigurationList = 2B3FFC6126B0C34100DAC1EC /* Build configuration list for PBXProject "Chapter 3 - RxSwiftProject" */;
			compatibilityVersion = "Xcode 9.3";
			developmentRegion = en;
			hasScannedForEncodings = 0;
			knownRegions = (
				en,
				Base,
			);
			mainGroup = 2B3FFC5D26B0C34100DAC1EC;
			productRefGroup = 2B3FFC6726B0C34100DAC1EC /* Products */;
			projectDirPath = "";
			projectRoot = "";
			targets = (
				2B3FFC6526B0C34100DAC1EC /* Chapter 3 - RxSwiftProject */,
				2B3FFC7B26B0C34200DAC1EC /* Chapter 3 - RxSwiftProjectTests */,
				2B3FFC8626B0C34200DAC1EC /* Chapter 3 - RxSwiftProjectUITests */,
			);
		};
/* End PBXProject section */

/* Begin PBXResourcesBuildPhase section */
		2B3FFC6426B0C34100DAC1EC /* Resources */ = {
			isa = PBXResourcesBuildPhase;
			buildActionMask = 2147483647;
			files = (
				2B3FFC7626B0C34200DAC1EC /* LaunchScreen.storyboard in Resources */,
				2B3FFC7326B0C34200DAC1EC /* Assets.xcassets in Resources */,
				2B3FFC7126B0C34100DAC1EC /* Main.storyboard in Resources */,
			);
			runOnlyForDeploymentPostprocessing = 0;
		};
		2B3FFC7A26B0C34200DAC1EC /* Resources */ = {
			isa = PBXResourcesBuildPhase;
			buildActionMask = 2147483647;
			files = (
			);
			runOnlyForDeploymentPostprocessing = 0;
		};
		2B3FFC8526B0C34200DAC1EC /* Resources */ = {
			isa = PBXResourcesBuildPhase;
			buildActionMask = 2147483647;
			files = (
			);
			runOnlyForDeploymentPostprocessing = 0;
		};
/* End PBXResourcesBuildPhase section */

/* Begin PBXShellScriptBuildPhase section */
		5683E59AF9EE106E91F7D9C7 /* [CP] Embed Pods Frameworks */ = {
			isa = PBXShellScriptBuildPhase;
			buildActionMask = 2147483647;
			files = (
			);
			inputFileListPaths = (
				"${PODS_ROOT}/Target Support Files/Pods-Chapter 3 - RxSwiftProject/Pods-Chapter 3 - RxSwiftProject-frameworks-${CONFIGURATION}-input-files.xcfilelist",
			);
			name = "[CP] Embed Pods Frameworks";
			outputFileListPaths = (
				"${PODS_ROOT}/Target Support Files/Pods-Chapter 3 - RxSwiftProject/Pods-Chapter 3 - RxSwiftProject-frameworks-${CONFIGURATION}-output-files.xcfilelist",
			);
			runOnlyForDeploymentPostprocessing = 0;
			shellPath = /bin/sh;
			shellScript = "\"${PODS_ROOT}/Target Support Files/Pods-Chapter 3 - RxSwiftProject/Pods-Chapter 3 - RxSwiftProject-frameworks.sh\"\n";
			showEnvVarsInLog = 0;
		};
		97B7027398B68522CA550232 /* [CP] Check Pods Manifest.lock */ = {
			isa = PBXShellScriptBuildPhase;
			buildActionMask = 2147483647;
			files = (
			);
			inputFileListPaths = (
			);
			inputPaths = (
				"${PODS_PODFILE_DIR_PATH}/Podfile.lock",
				"${PODS_ROOT}/Manifest.lock",
			);
			name = "[CP] Check Pods Manifest.lock";
			outputFileListPaths = (
			);
			outputPaths = (
				"$(DERIVED_FILE_DIR)/Pods-Chapter 3 - RxSwiftProject-checkManifestLockResult.txt",
			);
			runOnlyForDeploymentPostprocessing = 0;
			shellPath = /bin/sh;
			shellScript = "diff \"${PODS_PODFILE_DIR_PATH}/Podfile.lock\" \"${PODS_ROOT}/Manifest.lock\" > /dev/null\nif [ $? != 0 ] ; then\n    # print error to STDERR\n    echo \"error: The sandbox is not in sync with the Podfile.lock. Run 'pod install' or update your CocoaPods installation.\" >&2\n    exit 1\nfi\n# This output is used by Xcode 'outputs' to avoid re-running this script phase.\necho \"SUCCESS\" > \"${SCRIPT_OUTPUT_FILE_0}\"\n";
			showEnvVarsInLog = 0;
		};
/* End PBXShellScriptBuildPhase section */

/* Begin PBXSourcesBuildPhase section */
		2B3FFC6226B0C34100DAC1EC /* Sources */ = {
			isa = PBXSourcesBuildPhase;
			buildActionMask = 2147483647;
			files = (
				2B3FFC6E26B0C34100DAC1EC /* ViewController.swift in Sources */,
				2B3FFC6A26B0C34100DAC1EC /* AppDelegate.swift in Sources */,
				2B3FFC6C26B0C34100DAC1EC /* SceneDelegate.swift in Sources */,
			);
			runOnlyForDeploymentPostprocessing = 0;
		};
		2B3FFC7826B0C34200DAC1EC /* Sources */ = {
			isa = PBXSourcesBuildPhase;
			buildActionMask = 2147483647;
			files = (
			);
			runOnlyForDeploymentPostprocessing = 0;
		};
		2B3FFC8326B0C34200DAC1EC /* Sources */ = {
			isa = PBXSourcesBuildPhase;
			buildActionMask = 2147483647;
			files = (
			);
			runOnlyForDeploymentPostprocessing = 0;
		};
/* End PBXSourcesBuildPhase section */

/* Begin PBXTargetDependency section */
		2B3FFC7E26B0C34200DAC1EC /* PBXTargetDependency */ = {
			isa = PBXTargetDependency;
			target = 2B3FFC6526B0C34100DAC1EC /* Chapter 3 - RxSwiftProject */;
			targetProxy = 2B3FFC7D26B0C34200DAC1EC /* PBXContainerItemProxy */;
		};
		2B3FFC8926B0C34200DAC1EC /* PBXTargetDependency */ = {
			isa = PBXTargetDependency;
			target = 2B3FFC6526B0C34100DAC1EC /* Chapter 3 - RxSwiftProject */;
			targetProxy = 2B3FFC8826B0C34200DAC1EC /* PBXContainerItemProxy */;
		};
/* End PBXTargetDependency section */

/* Begin PBXVariantGroup section */
		2B3FFC6F26B0C34100DAC1EC /* Main.storyboard */ = {
			isa = PBXVariantGroup;
			children = (
				2B3FFC7026B0C34100DAC1EC /* Base */,
			);
			name = Main.storyboard;
			sourceTree = "<group>";
		};
		2B3FFC7426B0C34200DAC1EC /* LaunchScreen.storyboard */ = {
			isa = PBXVariantGroup;
			children = (
				2B3FFC7526B0C34200DAC1EC /* Base */,
			);
			name = LaunchScreen.storyboard;
			sourceTree = "<group>";
		};
/* End PBXVariantGroup section */

/* Begin XCBuildConfiguration section */
		2B3FFC8E26B0C34200DAC1EC /* Debug */ = {
			isa = XCBuildConfiguration;
			buildSettings = {
				ALWAYS_SEARCH_USER_PATHS = NO;
				CLANG_ANALYZER_NONNULL = YES;
				CLANG_ANALYZER_NUMBER_OBJECT_CONVERSION = YES_AGGRESSIVE;
				CLANG_CXX_LANGUAGE_STANDARD = "gnu++14";
				CLANG_CXX_LIBRARY = "libc++";
				CLANG_ENABLE_MODULES = YES;
				CLANG_ENABLE_OBJC_ARC = YES;
				CLANG_ENABLE_OBJC_WEAK = YES;
				CLANG_WARN_BLOCK_CAPTURE_AUTORELEASING = YES;
				CLANG_WARN_BOOL_CONVERSION = YES;
				CLANG_WARN_COMMA = YES;
				CLANG_WARN_CONSTANT_CONVERSION = YES;
				CLANG_WARN_DEPRECATED_OBJC_IMPLEMENTATIONS = YES;
				CLANG_WARN_DIRECT_OBJC_ISA_USAGE = YES_ERROR;
				CLANG_WARN_DOCUMENTATION_COMMENTS = YES;
				CLANG_WARN_EMPTY_BODY = YES;
				CLANG_WARN_ENUM_CONVERSION = YES;
				CLANG_WARN_INFINITE_RECURSION = YES;
				CLANG_WARN_INT_CONVERSION = YES;
				CLANG_WARN_NON_LITERAL_NULL_CONVERSION = YES;
				CLANG_WARN_OBJC_IMPLICIT_RETAIN_SELF = YES;
				CLANG_WARN_OBJC_LITERAL_CONVERSION = YES;
				CLANG_WARN_OBJC_ROOT_CLASS = YES_ERROR;
				CLANG_WARN_QUOTED_INCLUDE_IN_FRAMEWORK_HEADER = YES;
				CLANG_WARN_RANGE_LOOP_ANALYSIS = YES;
				CLANG_WARN_STRICT_PROTOTYPES = YES;
				CLANG_WARN_SUSPICIOUS_MOVE = YES;
				CLANG_WARN_UNGUARDED_AVAILABILITY = YES_AGGRESSIVE;
				CLANG_WARN_UNREACHABLE_CODE = YES;
				CLANG_WARN__DUPLICATE_METHOD_MATCH = YES;
				COPY_PHASE_STRIP = NO;
				DEBUG_INFORMATION_FORMAT = dwarf;
				ENABLE_STRICT_OBJC_MSGSEND = YES;
				ENABLE_TESTABILITY = YES;
				GCC_C_LANGUAGE_STANDARD = gnu11;
				GCC_DYNAMIC_NO_PIC = NO;
				GCC_NO_COMMON_BLOCKS = YES;
				GCC_OPTIMIZATION_LEVEL = 0;
				GCC_PREPROCESSOR_DEFINITIONS = (
					"DEBUG=1",
					"$(inherited)",
				);
				GCC_WARN_64_TO_32_BIT_CONVERSION = YES;
				GCC_WARN_ABOUT_RETURN_TYPE = YES_ERROR;
				GCC_WARN_UNDECLARED_SELECTOR = YES;
				GCC_WARN_UNINITIALIZED_AUTOS = YES_AGGRESSIVE;
				GCC_WARN_UNUSED_FUNCTION = YES;
				GCC_WARN_UNUSED_VARIABLE = YES;
				IPHONEOS_DEPLOYMENT_TARGET = 14.5;
				MTL_ENABLE_DEBUG_INFO = INCLUDE_SOURCE;
				MTL_FAST_MATH = YES;
				ONLY_ACTIVE_ARCH = YES;
				SDKROOT = iphoneos;
				SWIFT_ACTIVE_COMPILATION_CONDITIONS = DEBUG;
				SWIFT_OPTIMIZATION_LEVEL = "-Onone";
			};
			name = Debug;
		};
		2B3FFC8F26B0C34200DAC1EC /* Release */ = {
			isa = XCBuildConfiguration;
			buildSettings = {
				ALWAYS_SEARCH_USER_PATHS = NO;
				CLANG_ANALYZER_NONNULL = YES;
				CLANG_ANALYZER_NUMBER_OBJECT_CONVERSION = YES_AGGRESSIVE;
				CLANG_CXX_LANGUAGE_STANDARD = "gnu++14";
				CLANG_CXX_LIBRARY = "libc++";
				CLANG_ENABLE_MODULES = YES;
				CLANG_ENABLE_OBJC_ARC = YES;
				CLANG_ENABLE_OBJC_WEAK = YES;
				CLANG_WARN_BLOCK_CAPTURE_AUTORELEASING = YES;
				CLANG_WARN_BOOL_CONVERSION = YES;
				CLANG_WARN_COMMA = YES;
				CLANG_WARN_CONSTANT_CONVERSION = YES;
				CLANG_WARN_DEPRECATED_OBJC_IMPLEMENTATIONS = YES;
				CLANG_WARN_DIRECT_OBJC_ISA_USAGE = YES_ERROR;
				CLANG_WARN_DOCUMENTATION_COMMENTS = YES;
				CLANG_WARN_EMPTY_BODY = YES;
				CLANG_WARN_ENUM_CONVERSION = YES;
				CLANG_WARN_INFINITE_RECURSION = YES;
				CLANG_WARN_INT_CONVERSION = YES;
				CLANG_WARN_NON_LITERAL_NULL_CONVERSION = YES;
				CLANG_WARN_OBJC_IMPLICIT_RETAIN_SELF = YES;
				CLANG_WARN_OBJC_LITERAL_CONVERSION = YES;
				CLANG_WARN_OBJC_ROOT_CLASS = YES_ERROR;
				CLANG_WARN_QUOTED_INCLUDE_IN_FRAMEWORK_HEADER = YES;
				CLANG_WARN_RANGE_LOOP_ANALYSIS = YES;
				CLANG_WARN_STRICT_PROTOTYPES = YES;
				CLANG_WARN_SUSPICIOUS_MOVE = YES;
				CLANG_WARN_UNGUARDED_AVAILABILITY = YES_AGGRESSIVE;
				CLANG_WARN_UNREACHABLE_CODE = YES;
				CLANG_WARN__DUPLICATE_METHOD_MATCH = YES;
				COPY_PHASE_STRIP = NO;
				DEBUG_INFORMATION_FORMAT = "dwarf-with-dsym";
				ENABLE_NS_ASSERTIONS = NO;
				ENABLE_STRICT_OBJC_MSGSEND = YES;
				GCC_C_LANGUAGE_STANDARD = gnu11;
				GCC_NO_COMMON_BLOCKS = YES;
				GCC_WARN_64_TO_32_BIT_CONVERSION = YES;
				GCC_WARN_ABOUT_RETURN_TYPE = YES_ERROR;
				GCC_WARN_UNDECLARED_SELECTOR = YES;
				GCC_WARN_UNINITIALIZED_AUTOS = YES_AGGRESSIVE;
				GCC_WARN_UNUSED_FUNCTION = YES;
				GCC_WARN_UNUSED_VARIABLE = YES;
				IPHONEOS_DEPLOYMENT_TARGET = 14.5;
				MTL_ENABLE_DEBUG_INFO = NO;
				MTL_FAST_MATH = YES;
				SDKROOT = iphoneos;
				SWIFT_COMPILATION_MODE = wholemodule;
				SWIFT_OPTIMIZATION_LEVEL = "-O";
				VALIDATE_PRODUCT = YES;
			};
			name = Release;
		};
		2B3FFC9126B0C34200DAC1EC /* Debug */ = {
			isa = XCBuildConfiguration;
			baseConfigurationReference = A9BB3385614B7FE63A50842A /* Pods-Chapter 3 - RxSwiftProject.debug.xcconfig */;
			buildSettings = {
				ASSETCATALOG_COMPILER_APPICON_NAME = AppIcon;
				ASSETCATALOG_COMPILER_GLOBAL_ACCENT_COLOR_NAME = AccentColor;
				CODE_SIGN_STYLE = Automatic;
				DEVELOPMENT_TEAM = 45U4TPHVMG;
				INFOPLIST_FILE = RxSwiftProject/Info.plist;
				LD_RUNPATH_SEARCH_PATHS = (
					"$(inherited)",
					"@executable_path/Frameworks",
				);
				PRODUCT_BUNDLE_IDENTIFIER = Test.RxSwiftProject;
				PRODUCT_NAME = "$(TARGET_NAME)";
				SWIFT_VERSION = 5.0;
				TARGETED_DEVICE_FAMILY = "1,2";
			};
			name = Debug;
		};
		2B3FFC9226B0C34200DAC1EC /* Release */ = {
			isa = XCBuildConfiguration;
			baseConfigurationReference = 55E8F93EE15E5F1BA474B40A /* Pods-Chapter 3 - RxSwiftProject.release.xcconfig */;
			buildSettings = {
				ASSETCATALOG_COMPILER_APPICON_NAME = AppIcon;
				ASSETCATALOG_COMPILER_GLOBAL_ACCENT_COLOR_NAME = AccentColor;
				CODE_SIGN_STYLE = Automatic;
				DEVELOPMENT_TEAM = 45U4TPHVMG;
				INFOPLIST_FILE = RxSwiftProject/Info.plist;
				LD_RUNPATH_SEARCH_PATHS = (
					"$(inherited)",
					"@executable_path/Frameworks",
				);
				PRODUCT_BUNDLE_IDENTIFIER = Test.RxSwiftProject;
				PRODUCT_NAME = "$(TARGET_NAME)";
				SWIFT_VERSION = 5.0;
				TARGETED_DEVICE_FAMILY = "1,2";
			};
			name = Release;
		};
		2B3FFC9426B0C34200DAC1EC /* Debug */ = {
			isa = XCBuildConfiguration;
			buildSettings = {
				ALWAYS_EMBED_SWIFT_STANDARD_LIBRARIES = YES;
				BUNDLE_LOADER = "$(TEST_HOST)";
				CODE_SIGN_STYLE = Automatic;
				DEVELOPMENT_TEAM = 45U4TPHVMG;
				INFOPLIST_FILE = RxSwiftProjectTests/Info.plist;
				IPHONEOS_DEPLOYMENT_TARGET = 14.5;
				LD_RUNPATH_SEARCH_PATHS = (
					"$(inherited)",
					"@executable_path/Frameworks",
					"@loader_path/Frameworks",
				);
				PRODUCT_BUNDLE_IDENTIFIER = Test.RxSwiftProjectTests;
				PRODUCT_NAME = "$(TARGET_NAME)";
				SWIFT_VERSION = 5.0;
				TARGETED_DEVICE_FAMILY = "1,2";
				TEST_HOST = "$(BUILT_PRODUCTS_DIR)/Chapter 3 - RxSwiftProject.app/Chapter 3 - RxSwiftProject";
			};
			name = Debug;
		};
		2B3FFC9526B0C34200DAC1EC /* Release */ = {
			isa = XCBuildConfiguration;
			buildSettings = {
				ALWAYS_EMBED_SWIFT_STANDARD_LIBRARIES = YES;
				BUNDLE_LOADER = "$(TEST_HOST)";
				CODE_SIGN_STYLE = Automatic;
				DEVELOPMENT_TEAM = 45U4TPHVMG;
				INFOPLIST_FILE = RxSwiftProjectTests/Info.plist;
				IPHONEOS_DEPLOYMENT_TARGET = 14.5;
				LD_RUNPATH_SEARCH_PATHS = (
					"$(inherited)",
					"@executable_path/Frameworks",
					"@loader_path/Frameworks",
				);
				PRODUCT_BUNDLE_IDENTIFIER = Test.RxSwiftProjectTests;
				PRODUCT_NAME = "$(TARGET_NAME)";
				SWIFT_VERSION = 5.0;
				TARGETED_DEVICE_FAMILY = "1,2";
				TEST_HOST = "$(BUILT_PRODUCTS_DIR)/Chapter 3 - RxSwiftProject.app/Chapter 3 - RxSwiftProject";
			};
			name = Release;
		};
		2B3FFC9726B0C34200DAC1EC /* Debug */ = {
			isa = XCBuildConfiguration;
			buildSettings = {
				ALWAYS_EMBED_SWIFT_STANDARD_LIBRARIES = YES;
				CODE_SIGN_STYLE = Automatic;
				DEVELOPMENT_TEAM = 45U4TPHVMG;
				INFOPLIST_FILE = RxSwiftProjectUITests/Info.plist;
				LD_RUNPATH_SEARCH_PATHS = (
					"$(inherited)",
					"@executable_path/Frameworks",
					"@loader_path/Frameworks",
				);
				PRODUCT_BUNDLE_IDENTIFIER = Test.RxSwiftProjectUITests;
				PRODUCT_NAME = "$(TARGET_NAME)";
				SWIFT_VERSION = 5.0;
				TARGETED_DEVICE_FAMILY = "1,2";
				TEST_TARGET_NAME = RxSwiftProject;
			};
			name = Debug;
		};
		2B3FFC9826B0C34200DAC1EC /* Release */ = {
			isa = XCBuildConfiguration;
			buildSettings = {
				ALWAYS_EMBED_SWIFT_STANDARD_LIBRARIES = YES;
				CODE_SIGN_STYLE = Automatic;
				DEVELOPMENT_TEAM = 45U4TPHVMG;
				INFOPLIST_FILE = RxSwiftProjectUITests/Info.plist;
				LD_RUNPATH_SEARCH_PATHS = (
					"$(inherited)",
					"@executable_path/Frameworks",
					"@loader_path/Frameworks",
				);
				PRODUCT_BUNDLE_IDENTIFIER = Test.RxSwiftProjectUITests;
				PRODUCT_NAME = "$(TARGET_NAME)";
				SWIFT_VERSION = 5.0;
				TARGETED_DEVICE_FAMILY = "1,2";
				TEST_TARGET_NAME = RxSwiftProject;
			};
			name = Release;
		};
/* End XCBuildConfiguration section */

/* Begin XCConfigurationList section */
		2B3FFC6126B0C34100DAC1EC /* Build configuration list for PBXProject "Chapter 3 - RxSwiftProject" */ = {
			isa = XCConfigurationList;
			buildConfigurations = (
				2B3FFC8E26B0C34200DAC1EC /* Debug */,
				2B3FFC8F26B0C34200DAC1EC /* Release */,
			);
			defaultConfigurationIsVisible = 0;
			defaultConfigurationName = Release;
		};
		2B3FFC9026B0C34200DAC1EC /* Build configuration list for PBXNativeTarget "Chapter 3 - RxSwiftProject" */ = {
			isa = XCConfigurationList;
			buildConfigurations = (
				2B3FFC9126B0C34200DAC1EC /* Debug */,
				2B3FFC9226B0C34200DAC1EC /* Release */,
			);
			defaultConfigurationIsVisible = 0;
			defaultConfigurationName = Release;
		};
		2B3FFC9326B0C34200DAC1EC /* Build configuration list for PBXNativeTarget "Chapter 3 - RxSwiftProjectTests" */ = {
			isa = XCConfigurationList;
			buildConfigurations = (
				2B3FFC9426B0C34200DAC1EC /* Debug */,
				2B3FFC9526B0C34200DAC1EC /* Release */,
			);
			defaultConfigurationIsVisible = 0;
			defaultConfigurationName = Release;
		};
		2B3FFC9626B0C34200DAC1EC /* Build configuration list for PBXNativeTarget "Chapter 3 - RxSwiftProjectUITests" */ = {
			isa = XCConfigurationList;
			buildConfigurations = (
				2B3FFC9726B0C34200DAC1EC /* Debug */,
				2B3FFC9826B0C34200DAC1EC /* Release */,
			);
			defaultConfigurationIsVisible = 0;
			defaultConfigurationName = Release;
		};
/* End XCConfigurationList section */
	};
	rootObject = 2B3FFC5E26B0C34100DAC1EC /* Project object */;
}
